github.com/knroy/go-xml v1.2.0 h1:pZ/i6CjyxBef1OIGWLVi7Y+pW4UPj5ZbHb7JeN4kDkk=
github.com/knroy/go-xml v1.2.0/go.mod h1:cQrEbubC4cOeJ5UyDM+pMgoO2/99ht0LXBw4z5OL4Os=
golang.org/x/text v0.37.0 h1:Cqjiwd9eSg8e0QAkyCaQTNHFIIzWtidPahFWR83rTrc=
golang.org/x/text v0.37.0/go.mod h1:a5sjxXGs9hsn/AJVwuElvCAo9v8QYLzvavO5z2PiM38=
